// !$*UTF8*$!
{
	archiveVersion = 1;
	classes = {
	};
	objectVersion = 46;
	objects = {

/* Begin PBXBuildFile section */
		187466DE1D25545D00508867 /* LY_CircleButton.m in Sources */ = {isa = PBXBuildFile; fileRef = 187466DD1D25545D00508867 /* LY_CircleButton.m */; };
		18A656571D24C46700FE7F3D /* main.m in Sources */ = {isa = PBXBuildFile; fileRef = 18A656561D24C46700FE7F3D /* main.m */; };
		18A6565A1D24C46700FE7F3D /* AppDelegate.m in Sources */ = {isa = PBXBuildFile; fileRef = 18A656591D24C46700FE7F3D /* AppDelegate.m */; };
		18A6565D1D24C46700FE7F3D /* ViewController.m in Sources */ = {isa = PBXBuildFile; fileRef = 18A6565C1D24C46700FE7F3D /* ViewController.m */; };
		18A656601D24C46700FE7F3D /* Main.storyboard in Resources */ = {isa = PBXBuildFile; fileRef = 18A6565E1D24C46700FE7F3D /* Main.storyboard */; };
		18A656621D24C46700FE7F3D /* Assets.xcassets in Resources */ = {isa = PBXBuildFile; fileRef = 18A656611D24C46700FE7F3D /* Assets.xcassets */; };
		18A656651D24C46700FE7F3D /* LaunchScreen.storyboard in Resources */ = {isa = PBXBuildFile; fileRef = 18A656631D24C46700FE7F3D /* LaunchScreen.storyboard */; };
/* End PBXBuildFile section */

/* Begin PBXFileReference section */
		187466DC1D25545D00508867 /* LY_CircleButton.h */ = {isa = PBXFileReference; fileEncoding = 4; lastKnownFileType = sourcecode.c.h; path = LY_CircleButton.h; sourceTree = "<group>"; };
		187466DD1D25545D00508867 /* LY_CircleButton.m */ = {isa = PBXFileReference; fileEncoding = 4; lastKnownFileType = sourcecode.c.objc; path = LY_CircleButton.m; sourceTree = "<group>"; };
		18A656521D24C46700FE7F3D /* 小球拖拽拉伸.app */ = {isa = PBXFileReference; explicitFileType = wrapper.application; includeInIndex = 0; path = "小球拖拽拉伸.app"; sourceTree = BUILT_PRODUCTS_DIR; };
		18A656561D24C46700FE7F3D /* main.m */ = {isa = PBXFileReference; lastKnownFileType = sourcecode.c.objc; path = main.m; sourceTree = "<group>"; };
		18A656581D24C46700FE7F3D /* AppDelegate.h */ = {isa = PBXFileReference; lastKnownFileType = sourcecode.c.h; path = AppDelegate.h; sourceTree = "<group>"; };
		18A656591D24C46700FE7F3D /* AppDelegate.m */ = {isa = PBXFileReference; lastKnownFileType = sourcecode.c.objc; path = AppDelegate.m; sourceTree = "<group>"; };
		18A6565B1D24C46700FE7F3D /* ViewController.h */ = {isa = PBXFileReference; lastKnownFileType = sourcecode.c.h; path = ViewController.h; sourceTree = "<group>"; };
		18A6565C1D24C46700FE7F3D /* ViewController.m */ = {isa = PBXFileReference; lastKnownFileType = sourcecode.c.objc; path = ViewController.m; sourceTree = "<group>"; };
		18A6565F1D24C46700FE7F3D /* Base */ = {isa = PBXFileReference; lastKnownFileType = file.storyboard; name = Base; path = Base.lproj/Main.storyboard; sourceTree = "<group>"; };
		18A656611D24C46700FE7F3D /* Assets.xcassets */ = {isa = PBXFileReference; lastKnownFileType = folder.assetcatalog; path = Assets.xcassets; sourceTree = "<group>"; };
		18A656641D24C46700FE7F3D /* Base */ = {isa = PBXFileReference; lastKnownFileType = file.storyboard; name = Base; path = Base.lproj/LaunchScreen.storyboard; sourceTree = "<group>"; };
		18A656661D24C46700FE7F3D /* Info.plist */ = {isa = PBXFileReference; lastKnownFileType = text.plist.xml; path = Info.plist; sourceTree = "<group>"; };
/* End PBXFileReference section */

/* Begin PBXFrameworksBuildPhase section */
		18A6564F1D24C46700FE7F3D /* Frameworks */ = {
			isa = PBXFrameworksBuildPhase;
			buildActionMask = 2147483647;
			files = (
			);
			runOnlyForDeploymentPostprocessing = 0;
		};
/* End PBXFrameworksBuildPhase section */

/* Begin PBXGroup section */
		18A656491D24C46700FE7F3D = {
			isa = PBXGroup;
			children = (
				18A656541D24C46700FE7F3D /* 小球拖拽拉伸 */,
				18A656531D24C46700FE7F3D /* Products */,
			);
			sourceTree = "<group>";
		};
		18A656531D24C46700FE7F3D /* Products */ = {
			isa = PBXGroup;
			children = (
				18A656521D24C46700FE7F3D /* 小球拖拽拉伸.app */,
			);
			name = Products;
			sourceTree = "<group>";
		};
		18A656541D24C46700FE7F3D /* 小球拖拽拉伸 */ = {
			isa = PBXGroup;
			children = (
				18A656581D24C46700FE7F3D /* AppDelegate.h */,
				18A656591D24C46700FE7F3D /* AppDelegate.m */,
				18A6565B1D24C46700FE7F3D /* ViewController.h */,
				18A6565C1D24C46700FE7F3D /* ViewController.m */,
				187466DC1D25545D00508867 /* LY_CircleButton.h */,
				187466DD1D25545D00508867 /* LY_CircleButton.m */,
				18A6565E1D24C46700FE7F3D /* Main.storyboard */,
				18A656611D24C46700FE7F3D /* Assets.xcassets */,
				18A656631D24C46700FE7F3D /* LaunchScreen.storyboard */,
				18A656661D24C46700FE7F3D /* Info.plist */,
				18A656551D24C46700FE7F3D /* Supporting Files */,
			);
			path = "小球拖拽拉伸";
			sourceTree = "<group>";
		};
		18A656551D24C46700FE7F3D /* Supporting Files */ = {
			isa = PBXGroup;
			children = (
				18A656561D24C46700FE7F3D /* main.m */,
			);
			name = "Supporting Files";
			sourceTree = "<group>";
		};
/* End PBXGroup section */

/* Begin PBXNativeTarget section */
		18A656511D24C46700FE7F3D /* 小球拖拽拉伸 */ = {
			isa = PBXNativeTarget;
			buildConfigurationList = 18A656691D24C46700FE7F3D /* Build configuration list for PBXNativeTarget "小球拖拽拉伸" */;
			buildPhases = (
				18A6564E1D24C46700FE7F3D /* Sources */,
				18A6564F1D24C46700FE7F3D /* Frameworks */,
				18A656501D24C46700FE7F3D /* Resources */,
			);
			buildRules = (
			);
			dependencies = (
			);
			name = "小球拖拽拉伸";
			productName = "小球拖拽拉伸";
			productReference = 18A656521D24C46700FE7F3D /* 小球拖拽拉伸.app */;
			productType = "com.apple.product-type.application";
		};
/* End PBXNativeTarget section */

/* Begin PBXProject section */
		18A6564A1D24C46700FE7F3D /* Project object */ = {
			isa = PBXProject;
			attributes = {
				LastUpgradeCheck = 0730;
				ORGANIZATIONNAME = "雷晏";
				TargetAttributes = {
					18A656511D24C46700FE7F3D = {
						CreatedOnToolsVersion = 7.3.1;
					};
				};
			};
			buildConfigurationList = 18A6564D1D24C46700FE7F3D /* Build configuration list for PBXProject "小球拖拽拉伸" */;
			compatibilityVersion = "Xcode 3.2";
			developmentRegion = English;
			hasScannedForEncodings = 0;
			knownRegions = (
				en,
				Base,
			);
			mainGroup = 18A656491D24C46700FE7F3D;
			productRefGroup = 18A656531D24C46700FE7F3D /* Products */;
			projectDirPath = "";
			projectRoot = "";
			targets = (
				18A656511D24C46700FE7F3D /* 小球拖拽拉伸 */,
			);
		};
/* End PBXProject section */

/* Begin PBXResourcesBuildPhase section */
		18A656501D24C46700FE7F3D /* Resources */ = {
			isa = PBXResourcesBuildPhase;
			buildActionMask = 2147483647;
			files = (
				18A656651D24C46700FE7F3D /* LaunchScreen.storyboard in Resources */,
				18A656621D24C46700FE7F3D /* Assets.xcassets in Resources */,
				18A656601D24C46700FE7F3D /* Main.storyboard in Resources */,
			);
			runOnlyForDeploymentPostprocessing = 0;
		};
/* End PBXResourcesBuildPhase section */

/* Begin PBXSourcesBuildPhase section */
		18A6564E1D24C46700FE7F3D /* Sources */ = {
			isa = PBXSourcesBuildPhase;
			buildActionMask = 2147483647;
			files = (
				18A6565D1D24C46700FE7F3D /* ViewController.m in Sources */,
				18A6565A1D24C46700FE7F3D /* AppDelegate.m in Sources */,
				187466DE1D25545D00508867 /* LY_CircleButton.m in Sources */,
				18A656571D24C46700FE7F3D /* main.m in Sources */,
			);
			runOnlyForDeploymentPostprocessing = 0;
		};
/* End PBXSourcesBuildPhase section */

/* Begin PBXVariantGroup section */
		18A6565E1D24C46700FE7F3D /* Main.storyboard */ = {
			isa = PBXVariantGroup;
			children = (
				18A6565F1D24C46700FE7F3D /* Base */,
			);
			name = Main.storyboard;
			sourceTree = "<group>";
		};
		18A656631D24C46700FE7F3D /* LaunchScreen.storyboard */ = {
			isa = PBXVariantGroup;
			children = (
				18A656641D24C46700FE7F3D /* Base */,
			);
			name = LaunchScreen.storyboard;
			sourceTree = "<group>";
		};
/* End PBXVariantGroup section */

/* Begin XCBuildConfiguration section */
		18A656671D24C46700FE7F3D /* Debug */ = {
			isa = XCBuildConfiguration;
			buildSettings = {
				ALWAYS_SEARCH_USER_PATHS = NO;
				CLANG_ANALYZER_NONNULL = YES;
				CLANG_CXX_LANGUAGE_STANDARD = "gnu++0x";
				CLANG_CXX_LIBRARY = "libc++";
				CLANG_ENABLE_MODULES = YES;
				CLANG_ENABLE_OBJC_ARC = YES;
				CLANG_WARN_BOOL_CONVERSION = YES;
				CLANG_WARN_CONSTANT_CONVERSION = YES;
				CLANG_WARN_DIRECT_OBJC_ISA_USAGE = YES_ERROR;
				CLANG_WARN_EMPTY_BODY = YES;
				CLANG_WARN_ENUM_CONVERSION = YES;
				CLANG_WARN_INT_CONVERSION = YES;
				CLANG_WARN_OBJC_ROOT_CLASS = YES_ERROR;
				CLANG_WARN_UNREACHABLE_CODE = YES;
				CLANG_WARN__DUPLICATE_METHOD_MATCH = YES;
				"CODE_SIGN_IDENTITY[sdk=iphoneos*]" = "iPhone Developer";
				COPY_PHASE_STRIP = NO;
				DEBUG_INFORMATION_FORMAT = dwarf;
				ENABLE_STRICT_OBJC_MSGSEND = YES;
				ENABLE_TESTABILITY = YES;
				GCC_C_LANGUAGE_STANDARD = gnu99;
				GCC_DYNAMIC_NO_PIC = NO;
				GCC_NO_COMMON_BLOCKS = YES;
				GCC_OPTIMIZATION_LEVEL = 0;
				GCC_PREPROCESSOR_DEFINITIONS = (
					"DEBUG=1",
					"$(inherited)",
				);
				GCC_WARN_64_TO_32_BIT_CONVERSION = YES;
				GCC_WARN_ABOUT_RETURN_TYPE = YES_ERROR;
				GCC_WARN_UNDECLARED_SELECTOR = YES;
				GCC_WARN_UNINITIALIZED_AUTOS = YES_AGGRESSIVE;
				GCC_WARN_UNUSED_FUNCTION = YES;
				GCC_WARN_UNUSED_VARIABLE = YES;
				IPHONEOS_DEPLOYMENT_TARGET = 9.3;
				MTL_ENABLE_DEBUG_INFO = YES;
				ONLY_ACTIVE_ARCH = YES;
				SDKROOT = iphoneos;
			};
			name = Debug;
		};
		18A656681D24C46700FE7F3D /* Release */ = {
			isa = XCBuildConfiguration;
			buildSettings = {
				ALWAYS_SEARCH_USER_PATHS = NO;
				CLANG_ANALYZER_NONNULL = YES;
				CLANG_CXX_LANGUAGE_STANDARD = "gnu++0x";
				CLANG_CXX_LIBRARY = "libc++";
				CLANG_ENABLE_MODULES = YES;
				CLANG_ENABLE_OBJC_ARC = YES;
				CLANG_WARN_BOOL_CONVERSION = YES;
				CLANG_WARN_CONSTANT_CONVERSION = YES;
				CLANG_WARN_DIRECT_OBJC_ISA_USAGE = YES_ERROR;
				CLANG_WARN_EMPTY_BODY = YES;
				CLANG_WARN_ENUM_CONVERSION = YES;
				CLANG_WARN_INT_CONVERSION = YES;
				CLANG_WARN_OBJC_ROOT_CLASS = YES_ERROR;
				CLANG_WARN_UNREACHABLE_CODE = YES;
				CLANG_WARN__DUPLICATE_METHOD_MATCH = YES;
				"CODE_SIGN_IDENTITY[sdk=iphoneos*]" = "iPhone Developer";
				COPY_PHASE_STRIP = NO;
				DEBUG_INFORMATION_FORMAT = "dwarf-with-dsym";
				ENABLE_NS_ASSERTIONS = NO;
				ENABLE_STRICT_OBJC_MSGSEND = YES;
				GCC_C_LANGUAGE_STANDARD = gnu99;
				GCC_NO_COMMON_BLOCKS = YES;
				GCC_WARN_64_TO_32_BIT_CONVERSION = YES;
				GCC_WARN_ABOUT_RETURN_TYPE = YES_ERROR;
				GCC_WARN_UNDECLARED_SELECTOR = YES;
				GCC_WARN_UNINITIALIZED_AUTOS = YES_AGGRESSIVE;
				GCC_WARN_UNUSED_FUNCTION = YES;
				GCC_WARN_UNUSED_VARIABLE = YES;
				IPHONEOS_DEPLOYMENT_TARGET = 9.3;
				MTL_ENABLE_DEBUG_INFO = NO;
				SDKROOT = iphoneos;
				VALIDATE_PRODUCT = YES;
			};
			name = Release;
		};
		18A6566A1D24C46700FE7F3D /* Debug */ = {
			isa = XCBuildConfiguration;
			buildSettings = {
				ASSETCATALOG_COMPILER_APPICON_NAME = AppIcon;
				INFOPLIST_FILE = "小球拖拽拉伸/Info.plist";
				LD_RUNPATH_SEARCH_PATHS = "$(inherited) @executable_path/Frameworks";
				PRODUCT_BUNDLE_IDENTIFIER = "com.leiyan.------";
				PRODUCT_NAME = "$(TARGET_NAME)";
			};
			name = Debug;
		};
		18A6566B1D24C46700FE7F3D /* Release */ = {
			isa = XCBuildConfiguration;
			buildSettings = {
				ASSETCATALOG_COMPILER_APPICON_NAME = AppIcon;
				INFOPLIST_FILE = "小球拖拽拉伸/Info.plist";
				LD_RUNPATH_SEARCH_PATHS = "$(inherited) @executable_path/Frameworks";
				PRODUCT_BUNDLE_IDENTIFIER = "com.leiyan.------";
				PRODUCT_NAME = "$(TARGET_NAME)";
			};
			name = Release;
		};
/* End XCBuildConfiguration section */

/* Begin XCConfigurationList section */
		18A6564D1D24C46700FE7F3D /* Build configuration list for PBXProject "小球拖拽拉伸" */ = {
			isa = XCConfigurationList;
			buildConfigurations = (
				18A656671D24C46700FE7F3D /* Debug */,
				18A656681D24C46700FE7F3D /* Release */,
			);
			defaultConfigurationIsVisible = 0;
			defaultConfigurationName = Release;
		};
		18A656691D24C46700FE7F3D /* Build configuration list for PBXNativeTarget "小球拖拽拉伸" */ = {
			isa = XCConfigurationList;
			buildConfigurations = (
				18A6566A1D24C46700FE7F3D /* Debug */,
				18A6566B1D24C46700FE7F3D /* Release */,
			);
			defaultConfigurationIsVisible = 0;
			defaultConfigurationName = Release;
		};
/* End XCConfigurationList section */
	};
	rootObject = 18A6564A1D24C46700FE7F3D /* Project object */;
}
